
Microsoft Visual Studio Solution File, Format Version 12.00
# Visual Studio Version 17
VisualStudioVersion = 17.11.35303.130
MinimumVisualStudioVersion = 10.0.40219.1
Project("{FAE04EC0-301F-11D3-BF4B-00C04F79EFBC}") = "Win3", "Win3.csproj", "{A0E04853-F67A-48D9-A1D5-913ED9F9002A}"
EndProject
Global
	GlobalSection(SolutionConfigurationPlatforms) = preSolution
		Debug|Any CPU = Debug|Any CPU
		Release|Any CPU = Release|Any CPU
	EndGlobalSection
	GlobalSection(ProjectConfigurationPlatforms) = postSolution
		{A0E04853-F67A-48D9-A1D5-913ED9F9002A}.Debug|Any CPU.ActiveCfg = Debug|Any CPU
		{A0E04853-F67A-48D9-A1D5-913ED9F9002A}.Debug|Any CPU.Build.0 = Debug|Any CPU
		{A0E04853-F67A-48D9-A1D5-913ED9F9002A}.Release|Any CPU.ActiveCfg = Release|Any CPU
		{A0E04853-F67A-48D9-A1D5-913ED9F9002A}.Release|Any CPU.Build.0 = Release|Any CPU
	EndGlobalSection
	GlobalSection(SolutionProperties) = preSolution
		HideSolutionNode = FALSE
	EndGlobalSection
	GlobalSection(ExtensibilityGlobals) = postSolution
		SolutionGuid = {CCD80BFD-C165-45C9-90E1-2044A7A36BD8}
	EndGlobalSection
EndGlobal
